
Microsoft Visual Studio Solution File, Format Version 12.00
# Visual Studio Version 17
VisualStudioVersion = 17.11.35312.102
MinimumVisualStudioVersion = 10.0.40219.1
Project("{F184B08F-C81C-45F6-A57F-5ABD9991F28F}") = "SatisFiyatiHesaplama", "SatisFiyatiHesaplama\SatisFiyatiHesaplama.vbproj", "{DFE64956-BFA9-4BBC-83C9-F47602BBCCE7}"
EndProject
Global
	GlobalSection(SolutionConfigurationPlatforms) = preSolution
		Debug|Any CPU = Debug|Any CPU
		Release|Any CPU = Release|Any CPU
	EndGlobalSection
	GlobalSection(ProjectConfigurationPlatforms) = postSolution
		{DFE64956-BFA9-4BBC-83C9-F47602BBCCE7}.Debug|Any CPU.ActiveCfg = Debug|Any CPU
		{DFE64956-BFA9-4BBC-83C9-F47602BBCCE7}.Debug|Any CPU.Build.0 = Debug|Any CPU
		{DFE64956-BFA9-4BBC-83C9-F47602BBCCE7}.Release|Any CPU.ActiveCfg = Release|Any CPU
		{DFE64956-BFA9-4BBC-83C9-F47602BBCCE7}.Release|Any CPU.Build.0 = Release|Any CPU
	EndGlobalSection
	GlobalSection(SolutionProperties) = preSolution
		HideSolutionNode = FALSE
	EndGlobalSection
	GlobalSection(ExtensibilityGlobals) = postSolution
		SolutionGuid = {4625CDFE-3321-4946-AFF1-45066DF3A6DD}
	EndGlobalSection
EndGlobal
